
Microsoft Visual Studio Solution File, Format Version 12.00
# Visual Studio 2013
VisualStudioVersion = 12.0.31101.0
MinimumVisualStudioVersion = 10.0.40219.1
Project("{FAE04EC0-301F-11D3-BF4B-00C04F79EFBC}") = "PhotoContest.Data", "PhotoContest.Data\PhotoContest.Data.csproj", "{7247344E-8086-4DB7-B21A-27196523AAE0}"
EndProject
Project("{FAE04EC0-301F-11D3-BF4B-00C04F79EFBC}") = "PhotoContest.Models", "PhotoContest.Models\PhotoContest.Models.csproj", "{0920103F-3563-4DD7-AD28-F58863F1B039}"
EndProject
Project("{FAE04EC0-301F-11D3-BF4B-00C04F79EFBC}") = "ForumSystem.Web", "ForumSystem.Web\ForumSystem.Web.csproj", "{C7064F46-D220-498F-9755-49099D1B721A}"
EndProject
Global
	GlobalSection(SolutionConfigurationPlatforms) = preSolution
		Debug|Any CPU = Debug|Any CPU
		Release|Any CPU = Release|Any CPU
	EndGlobalSection
	GlobalSection(ProjectConfigurationPlatforms) = postSolution
		{7247344E-8086-4DB7-B21A-27196523AAE0}.Debug|Any CPU.ActiveCfg = Debug|Any CPU
		{7247344E-8086-4DB7-B21A-27196523AAE0}.Debug|Any CPU.Build.0 = Debug|Any CPU
		{7247344E-8086-4DB7-B21A-27196523AAE0}.Release|Any CPU.ActiveCfg = Release|Any CPU
		{7247344E-8086-4DB7-B21A-27196523AAE0}.Release|Any CPU.Build.0 = Release|Any CPU
		{0920103F-3563-4DD7-AD28-F58863F1B039}.Debug|Any CPU.ActiveCfg = Debug|Any CPU
		{0920103F-3563-4DD7-AD28-F58863F1B039}.Debug|Any CPU.Build.0 = Debug|Any CPU
		{0920103F-3563-4DD7-AD28-F58863F1B039}.Release|Any CPU.ActiveCfg = Release|Any CPU
		{0920103F-3563-4DD7-AD28-F58863F1B039}.Release|Any CPU.Build.0 = Release|Any CPU
		{C7064F46-D220-498F-9755-49099D1B721A}.Debug|Any CPU.ActiveCfg = Debug|Any CPU
		{C7064F46-D220-498F-9755-49099D1B721A}.Debug|Any CPU.Build.0 = Debug|Any CPU
		{C7064F46-D220-498F-9755-49099D1B721A}.Release|Any CPU.ActiveCfg = Release|Any CPU
		{C7064F46-D220-498F-9755-49099D1B721A}.Release|Any CPU.Build.0 = Release|Any CPU
	EndGlobalSection
	GlobalSection(SolutionProperties) = preSolution
		HideSolutionNode = FALSE
	EndGlobalSection
EndGlobal
